Microsoft Visual Studio Solution File, Format Version 12.00
# Visual Studio 2012
Project("{FAE04EC0-301F-11D3-BF4B-00C04F79EFBC}") = "XR Game Jam September", "XR Game Jam September.csproj", "{4106B702-E5A1-467F-82F6-826D4360114F}"
EndProject
Global
	GlobalSection(SolutionConfigurationPlatforms) = preSolution
	Debug|Any CPU = Debug|Any CPU
	ExportDebug|Any CPU = ExportDebug|Any CPU
	ExportRelease|Any CPU = ExportRelease|Any CPU
	EndGlobalSection
	GlobalSection(ProjectConfigurationPlatforms) = postSolution
		{4106B702-E5A1-467F-82F6-826D4360114F}.Debug|Any CPU.ActiveCfg = Debug|Any CPU
		{4106B702-E5A1-467F-82F6-826D4360114F}.Debug|Any CPU.Build.0 = Debug|Any CPU
		{4106B702-E5A1-467F-82F6-826D4360114F}.ExportDebug|Any CPU.ActiveCfg = ExportDebug|Any CPU
		{4106B702-E5A1-467F-82F6-826D4360114F}.ExportDebug|Any CPU.Build.0 = ExportDebug|Any CPU
		{4106B702-E5A1-467F-82F6-826D4360114F}.ExportRelease|Any CPU.ActiveCfg = ExportRelease|Any CPU
		{4106B702-E5A1-467F-82F6-826D4360114F}.ExportRelease|Any CPU.Build.0 = ExportRelease|Any CPU
	EndGlobalSection
EndGlobal
